{
  "version": "5",
  "specifiers": {
    "npm:@bufbuild/protobuf@2": "2.11.0",
    "npm:typescript@5": "5.9.3"
  },
  "npm": {
    "@bufbuild/protobuf@2.11.0": {
      "integrity": "sha512-sBXGT13cpmPR5BMgHE6UEEfEaShh5Ror6rfN3yEK5si7QVrtZg8LEPQb0VVhiLRUslD2yLnXtnRzG035J/mZXQ=="
    },
    "typescript@5.9.3": {
      "integrity": "sha512-jl1vZzPDinLr9eUt3J/t7V6FgNEw9QjvBPdysz9KfQDD41fQrC2Y4vKQdiaUpFT4bXlb1RHhLpp8wtm6M5TgSw==",
      "bin": true
    }
  },
  "workspace": {
    "packageJson": {
      "dependencies": [
        "npm:@bufbuild/protobuf@2",
        "npm:typescript@5"
      ]
    }
  }
}
